// !$*UTF8*$!
{
	archiveVersion = 1;
	classes = {
	};
	objectVersion = 46;
	objects = {

/* Begin PBXBuildFile section */
		920FEA211D509C1800EABDAB /* main.m in Sources */ = {isa = PBXBuildFile; fileRef = 920FEA201D509C1800EABDAB /* main.m */; };
		920FEA241D509C1800EABDAB /* AppDelegate.m in Sources */ = {isa = PBXBuildFile; fileRef = 920FEA231D509C1800EABDAB /* AppDelegate.m */; };
		920FEA271D509C1800EABDAB /* ViewController.m in Sources */ = {isa = PBXBuildFile; fileRef = 920FEA261D509C1800EABDAB /* ViewController.m */; };
		920FEA2A1D509C1800EABDAB /* Main.storyboard in Resources */ = {isa = PBXBuildFile; fileRef = 920FEA281D509C1800EABDAB /* Main.storyboard */; };
		920FEA2C1D509C1800EABDAB /* Assets.xcassets in Resources */ = {isa = PBXBuildFile; fileRef = 920FEA2B1D509C1800EABDAB /* Assets.xcassets */; };
		920FEA2F1D509C1800EABDAB /* LaunchScreen.storyboard in Resources */ = {isa = PBXBuildFile; fileRef = 920FEA2D1D509C1800EABDAB /* LaunchScreen.storyboard */; };
		923678391D66FB9F001BB221 /* Mantle.framework in Frameworks */ = {isa = PBXBuildFile; fileRef = 923678381D66FB9F001BB221 /* Mantle.framework */; };
		9236783A1D66FB9F001BB221 /* Mantle.framework in Embed Frameworks */ = {isa = PBXBuildFile; fileRef = 923678381D66FB9F001BB221 /* Mantle.framework */; settings = {ATTRIBUTES = (CodeSignOnCopy, RemoveHeadersOnCopy, ); }; };
		92C6431B1D66B62500177AAC /* TFHpple.m in Sources */ = {isa = PBXBuildFile; fileRef = 92C643161D66B62500177AAC /* TFHpple.m */; };
		92C6431C1D66B62500177AAC /* TFHppleElement.m in Sources */ = {isa = PBXBuildFile; fileRef = 92C643181D66B62500177AAC /* TFHppleElement.m */; };
		92C6431D1D66B62500177AAC /* XPathQuery.m in Sources */ = {isa = PBXBuildFile; fileRef = 92C6431A1D66B62500177AAC /* XPathQuery.m */; };
		92CF285F1D66D5C70096BC13 /* AFNetworking.framework in Frameworks */ = {isa = PBXBuildFile; fileRef = 92CF285E1D66D5C70096BC13 /* AFNetworking.framework */; };
		92CF28601D66D5C70096BC13 /* AFNetworking.framework in Embed Frameworks */ = {isa = PBXBuildFile; fileRef = 92CF285E1D66D5C70096BC13 /* AFNetworking.framework */; settings = {ATTRIBUTES = (CodeSignOnCopy, RemoveHeadersOnCopy, ); }; };
		92CF28631D66F5D80096BC13 /* WebListModel.m in Sources */ = {isa = PBXBuildFile; fileRef = 92CF28621D66F5D80096BC13 /* WebListModel.m */; };
/* End PBXBuildFile section */

/* Begin PBXCopyFilesBuildPhase section */
		92FE873A1D630101001DB12B /* Embed Frameworks */ = {
			isa = PBXCopyFilesBuildPhase;
			buildActionMask = 2147483647;
			dstPath = "";
			dstSubfolderSpec = 10;
			files = (
				92CF28601D66D5C70096BC13 /* AFNetworking.framework in Embed Frameworks */,
				9236783A1D66FB9F001BB221 /* Mantle.framework in Embed Frameworks */,
			);
			name = "Embed Frameworks";
			runOnlyForDeploymentPostprocessing = 0;
		};
/* End PBXCopyFilesBuildPhase section */

/* Begin PBXFileReference section */
		920FEA1C1D509C1800EABDAB /* WallWomen.app */ = {isa = PBXFileReference; explicitFileType = wrapper.application; includeInIndex = 0; path = WallWomen.app; sourceTree = BUILT_PRODUCTS_DIR; };
		920FEA201D509C1800EABDAB /* main.m */ = {isa = PBXFileReference; lastKnownFileType = sourcecode.c.objc; path = main.m; sourceTree = "<group>"; };
		920FEA221D509C1800EABDAB /* AppDelegate.h */ = {isa = PBXFileReference; lastKnownFileType = sourcecode.c.h; path = AppDelegate.h; sourceTree = "<group>"; };
		920FEA231D509C1800EABDAB /* AppDelegate.m */ = {isa = PBXFileReference; lastKnownFileType = sourcecode.c.objc; path = AppDelegate.m; sourceTree = "<group>"; };
		920FEA251D509C1800EABDAB /* ViewController.h */ = {isa = PBXFileReference; lastKnownFileType = sourcecode.c.h; path = ViewController.h; sourceTree = "<group>"; };
		920FEA261D509C1800EABDAB /* ViewController.m */ = {isa = PBXFileReference; lastKnownFileType = sourcecode.c.objc; path = ViewController.m; sourceTree = "<group>"; };
		920FEA291D509C1800EABDAB /* Base */ = {isa = PBXFileReference; lastKnownFileType = file.storyboard; name = Base; path = Base.lproj/Main.storyboard; sourceTree = "<group>"; };
		920FEA2B1D509C1800EABDAB /* Assets.xcassets */ = {isa = PBXFileReference; lastKnownFileType = folder.assetcatalog; path = Assets.xcassets; sourceTree = "<group>"; };
		920FEA2E1D509C1800EABDAB /* Base */ = {isa = PBXFileReference; lastKnownFileType = file.storyboard; name = Base; path = Base.lproj/LaunchScreen.storyboard; sourceTree = "<group>"; };
		920FEA301D509C1800EABDAB /* Info.plist */ = {isa = PBXFileReference; lastKnownFileType = text.plist.xml; path = Info.plist; sourceTree = "<group>"; };
		923678381D66FB9F001BB221 /* Mantle.framework */ = {isa = PBXFileReference; lastKnownFileType = wrapper.framework; name = Mantle.framework; path = Carthage/Build/iOS/Mantle.framework; sourceTree = "<group>"; };
		92C643121D66B5F700177AAC /* libxml2.2.tbd */ = {isa = PBXFileReference; lastKnownFileType = "sourcecode.text-based-dylib-definition"; name = libxml2.2.tbd; path = usr/lib/libxml2.2.tbd; sourceTree = SDKROOT; };
		92C643151D66B62500177AAC /* TFHpple.h */ = {isa = PBXFileReference; fileEncoding = 4; lastKnownFileType = sourcecode.c.h; path = TFHpple.h; sourceTree = "<group>"; };
		92C643161D66B62500177AAC /* TFHpple.m */ = {isa = PBXFileReference; fileEncoding = 4; lastKnownFileType = sourcecode.c.objc; path = TFHpple.m; sourceTree = "<group>"; };
		92C643171D66B62500177AAC /* TFHppleElement.h */ = {isa = PBXFileReference; fileEncoding = 4; lastKnownFileType = sourcecode.c.h; path = TFHppleElement.h; sourceTree = "<group>"; };
		92C643181D66B62500177AAC /* TFHppleElement.m */ = {isa = PBXFileReference; fileEncoding = 4; lastKnownFileType = sourcecode.c.objc; path = TFHppleElement.m; sourceTree = "<group>"; };
		92C643191D66B62500177AAC /* XPathQuery.h */ = {isa = PBXFileReference; fileEncoding = 4; lastKnownFileType = sourcecode.c.h; path = XPathQuery.h; sourceTree = "<group>"; };
		92C6431A1D66B62500177AAC /* XPathQuery.m */ = {isa = PBXFileReference; fileEncoding = 4; lastKnownFileType = sourcecode.c.objc; path = XPathQuery.m; sourceTree = "<group>"; };
		92CF285E1D66D5C70096BC13 /* AFNetworking.framework */ = {isa = PBXFileReference; lastKnownFileType = wrapper.framework; name = AFNetworking.framework; path = Carthage/Build/iOS/AFNetworking.framework; sourceTree = "<group>"; };
		92CF28611D66F5D80096BC13 /* WebListModel.h */ = {isa = PBXFileReference; fileEncoding = 4; lastKnownFileType = sourcecode.c.h; name = WebListModel.h; path = happle/WebListModel.h; sourceTree = "<group>"; };
		92CF28621D66F5D80096BC13 /* WebListModel.m */ = {isa = PBXFileReference; fileEncoding = 4; lastKnownFileType = sourcecode.c.objc; name = WebListModel.m; path = happle/WebListModel.m; sourceTree = "<group>"; };
/* End PBXFileReference section */

/* Begin PBXFrameworksBuildPhase section */
		920FEA191D509C1800EABDAB /* Frameworks */ = {
			isa = PBXFrameworksBuildPhase;
			buildActionMask = 2147483647;
			files = (
				92CF285F1D66D5C70096BC13 /* AFNetworking.framework in Frameworks */,
				923678391D66FB9F001BB221 /* Mantle.framework in Frameworks */,
			);
			runOnlyForDeploymentPostprocessing = 0;
		};
/* End PBXFrameworksBuildPhase section */

/* Begin PBXGroup section */
		920FEA131D509C1800EABDAB = {
			isa = PBXGroup;
			children = (
				923678381D66FB9F001BB221 /* Mantle.framework */,
				92CF285E1D66D5C70096BC13 /* AFNetworking.framework */,
				92C643121D66B5F700177AAC /* libxml2.2.tbd */,
				920FEA1E1D509C1800EABDAB /* WallWomen */,
				920FEA1D1D509C1800EABDAB /* Products */,
			);
			sourceTree = "<group>";
		};
		920FEA1D1D509C1800EABDAB /* Products */ = {
			isa = PBXGroup;
			children = (
				920FEA1C1D509C1800EABDAB /* WallWomen.app */,
			);
			name = Products;
			sourceTree = "<group>";
		};
		920FEA1E1D509C1800EABDAB /* WallWomen */ = {
			isa = PBXGroup;
			children = (
				92C643141D66B62500177AAC /* happle */,
				92CF28611D66F5D80096BC13 /* WebListModel.h */,
				92CF28621D66F5D80096BC13 /* WebListModel.m */,
				920FEA221D509C1800EABDAB /* AppDelegate.h */,
				920FEA231D509C1800EABDAB /* AppDelegate.m */,
				920FEA251D509C1800EABDAB /* ViewController.h */,
				920FEA261D509C1800EABDAB /* ViewController.m */,
				920FEA281D509C1800EABDAB /* Main.storyboard */,
				920FEA2B1D509C1800EABDAB /* Assets.xcassets */,
				920FEA2D1D509C1800EABDAB /* LaunchScreen.storyboard */,
				920FEA301D509C1800EABDAB /* Info.plist */,
				920FEA1F1D509C1800EABDAB /* Supporting Files */,
			);
			path = WallWomen;
			sourceTree = "<group>";
		};
		920FEA1F1D509C1800EABDAB /* Supporting Files */ = {
			isa = PBXGroup;
			children = (
				920FEA201D509C1800EABDAB /* main.m */,
			);
			name = "Supporting Files";
			sourceTree = "<group>";
		};
		92C643141D66B62500177AAC /* happle */ = {
			isa = PBXGroup;
			children = (
				92C643151D66B62500177AAC /* TFHpple.h */,
				92C643161D66B62500177AAC /* TFHpple.m */,
				92C643171D66B62500177AAC /* TFHppleElement.h */,
				92C643181D66B62500177AAC /* TFHppleElement.m */,
				92C643191D66B62500177AAC /* XPathQuery.h */,
				92C6431A1D66B62500177AAC /* XPathQuery.m */,
			);
			path = happle;
			sourceTree = "<group>";
		};
/* End PBXGroup section */

/* Begin PBXNativeTarget section */
		920FEA1B1D509C1800EABDAB /* WallWomen */ = {
			isa = PBXNativeTarget;
			buildConfigurationList = 920FEA331D509C1800EABDAB /* Build configuration list for PBXNativeTarget "WallWomen" */;
			buildPhases = (
				920FEA181D509C1800EABDAB /* Sources */,
				920FEA191D509C1800EABDAB /* Frameworks */,
				920FEA1A1D509C1800EABDAB /* Resources */,
				92FE873A1D630101001DB12B /* Embed Frameworks */,
			);
			buildRules = (
			);
			dependencies = (
			);
			name = WallWomen;
			productName = WallWomen;
			productReference = 920FEA1C1D509C1800EABDAB /* WallWomen.app */;
			productType = "com.apple.product-type.application";
		};
/* End PBXNativeTarget section */

/* Begin PBXProject section */
		920FEA141D509C1800EABDAB /* Project object */ = {
			isa = PBXProject;
			attributes = {
				LastUpgradeCheck = 0730;
				ORGANIZATIONNAME = sseen;
				TargetAttributes = {
					920FEA1B1D509C1800EABDAB = {
						CreatedOnToolsVersion = 7.3.1;
					};
				};
			};
			buildConfigurationList = 920FEA171D509C1800EABDAB /* Build configuration list for PBXProject "WallWomen" */;
			compatibilityVersion = "Xcode 3.2";
			developmentRegion = English;
			hasScannedForEncodings = 0;
			knownRegions = (
				en,
				Base,
			);
			mainGroup = 920FEA131D509C1800EABDAB;
			productRefGroup = 920FEA1D1D509C1800EABDAB /* Products */;
			projectDirPath = "";
			projectRoot = "";
			targets = (
				920FEA1B1D509C1800EABDAB /* WallWomen */,
			);
		};
/* End PBXProject section */

/* Begin PBXResourcesBuildPhase section */
		920FEA1A1D509C1800EABDAB /* Resources */ = {
			isa = PBXResourcesBuildPhase;
			buildActionMask = 2147483647;
			files = (
				920FEA2F1D509C1800EABDAB /* LaunchScreen.storyboard in Resources */,
				920FEA2C1D509C1800EABDAB /* Assets.xcassets in Resources */,
				920FEA2A1D509C1800EABDAB /* Main.storyboard in Resources */,
			);
			runOnlyForDeploymentPostprocessing = 0;
		};
/* End PBXResourcesBuildPhase section */

/* Begin PBXSourcesBuildPhase section */
		920FEA181D509C1800EABDAB /* Sources */ = {
			isa = PBXSourcesBuildPhase;
			buildActionMask = 2147483647;
			files = (
				920FEA271D509C1800EABDAB /* ViewController.m in Sources */,
				920FEA241D509C1800EABDAB /* AppDelegate.m in Sources */,
				920FEA211D509C1800EABDAB /* main.m in Sources */,
				92C6431B1D66B62500177AAC /* TFHpple.m in Sources */,
				92C6431D1D66B62500177AAC /* XPathQuery.m in Sources */,
				92CF28631D66F5D80096BC13 /* WebListModel.m in Sources */,
				92C6431C1D66B62500177AAC /* TFHppleElement.m in Sources */,
			);
			runOnlyForDeploymentPostprocessing = 0;
		};
/* End PBXSourcesBuildPhase section */

/* Begin PBXVariantGroup section */
		920FEA281D509C1800EABDAB /* Main.storyboard */ = {
			isa = PBXVariantGroup;
			children = (
				920FEA291D509C1800EABDAB /* Base */,
			);
			name = Main.storyboard;
			sourceTree = "<group>";
		};
		920FEA2D1D509C1800EABDAB /* LaunchScreen.storyboard */ = {
			isa = PBXVariantGroup;
			children = (
				920FEA2E1D509C1800EABDAB /* Base */,
			);
			name = LaunchScreen.storyboard;
			sourceTree = "<group>";
		};
/* End PBXVariantGroup section */

/* Begin XCBuildConfiguration section */
		920FEA311D509C1800EABDAB /* Debug */ = {
			isa = XCBuildConfiguration;
			buildSettings = {
				ALWAYS_SEARCH_USER_PATHS = NO;
				CLANG_ANALYZER_NONNULL = YES;
				CLANG_CXX_LANGUAGE_STANDARD = "gnu++0x";
				CLANG_CXX_LIBRARY = "libc++";
				CLANG_ENABLE_MODULES = YES;
				CLANG_ENABLE_OBJC_ARC = YES;
				CLANG_WARN_BOOL_CONVERSION = YES;
				CLANG_WARN_CONSTANT_CONVERSION = YES;
				CLANG_WARN_DIRECT_OBJC_ISA_USAGE = YES_ERROR;
				CLANG_WARN_EMPTY_BODY = YES;
				CLANG_WARN_ENUM_CONVERSION = YES;
				CLANG_WARN_INT_CONVERSION = YES;
				CLANG_WARN_OBJC_ROOT_CLASS = YES_ERROR;
				CLANG_WARN_UNREACHABLE_CODE = YES;
				CLANG_WARN__DUPLICATE_METHOD_MATCH = YES;
				"CODE_SIGN_IDENTITY[sdk=iphoneos*]" = "iPhone Developer";
				COPY_PHASE_STRIP = NO;
				DEBUG_INFORMATION_FORMAT = dwarf;
				ENABLE_STRICT_OBJC_MSGSEND = YES;
				ENABLE_TESTABILITY = YES;
				GCC_C_LANGUAGE_STANDARD = gnu99;
				GCC_DYNAMIC_NO_PIC = NO;
				GCC_NO_COMMON_BLOCKS = YES;
				GCC_OPTIMIZATION_LEVEL = 0;
				GCC_PREPROCESSOR_DEFINITIONS = (
					"DEBUG=1",
					"$(inherited)",
				);
				GCC_WARN_64_TO_32_BIT_CONVERSION = YES;
				GCC_WARN_ABOUT_RETURN_TYPE = YES_ERROR;
				GCC_WARN_UNDECLARED_SELECTOR = YES;
				GCC_WARN_UNINITIALIZED_AUTOS = YES_AGGRESSIVE;
				GCC_WARN_UNUSED_FUNCTION = YES;
				GCC_WARN_UNUSED_VARIABLE = YES;
				IPHONEOS_DEPLOYMENT_TARGET = 9.3;
				MTL_ENABLE_DEBUG_INFO = YES;
				ONLY_ACTIVE_ARCH = YES;
				SDKROOT = iphoneos;
				TARGETED_DEVICE_FAMILY = "1,2";
			};
			name = Debug;
		};
		920FEA321D509C1800EABDAB /* Release */ = {
			isa = XCBuildConfiguration;
			buildSettings = {
				ALWAYS_SEARCH_USER_PATHS = NO;
				CLANG_ANALYZER_NONNULL = YES;
				CLANG_CXX_LANGUAGE_STANDARD = "gnu++0x";
				CLANG_CXX_LIBRARY = "libc++";
				CLANG_ENABLE_MODULES = YES;
				CLANG_ENABLE_OBJC_ARC = YES;
				CLANG_WARN_BOOL_CONVERSION = YES;
				CLANG_WARN_CONSTANT_CONVERSION = YES;
				CLANG_WARN_DIRECT_OBJC_ISA_USAGE = YES_ERROR;
				CLANG_WARN_EMPTY_BODY = YES;
				CLANG_WARN_ENUM_CONVERSION = YES;
				CLANG_WARN_INT_CONVERSION = YES;
				CLANG_WARN_OBJC_ROOT_CLASS = YES_ERROR;
				CLANG_WARN_UNREACHABLE_CODE = YES;
				CLANG_WARN__DUPLICATE_METHOD_MATCH = YES;
				"CODE_SIGN_IDENTITY[sdk=iphoneos*]" = "iPhone Developer";
				COPY_PHASE_STRIP = NO;
				DEBUG_INFORMATION_FORMAT = "dwarf-with-dsym";
				ENABLE_NS_ASSERTIONS = NO;
				ENABLE_STRICT_OBJC_MSGSEND = YES;
				GCC_C_LANGUAGE_STANDARD = gnu99;
				GCC_NO_COMMON_BLOCKS = YES;
				GCC_WARN_64_TO_32_BIT_CONVERSION = YES;
				GCC_WARN_ABOUT_RETURN_TYPE = YES_ERROR;
				GCC_WARN_UNDECLARED_SELECTOR = YES;
				GCC_WARN_UNINITIALIZED_AUTOS = YES_AGGRESSIVE;
				GCC_WARN_UNUSED_FUNCTION = YES;
				GCC_WARN_UNUSED_VARIABLE = YES;
				IPHONEOS_DEPLOYMENT_TARGET = 9.3;
				MTL_ENABLE_DEBUG_INFO = NO;
				SDKROOT = iphoneos;
				TARGETED_DEVICE_FAMILY = "1,2";
				VALIDATE_PRODUCT = YES;
			};
			name = Release;
		};
		920FEA341D509C1800EABDAB /* Debug */ = {
			isa = XCBuildConfiguration;
			buildSettings = {
				ASSETCATALOG_COMPILER_APPICON_NAME = AppIcon;
				CODE_SIGN_IDENTITY = "iPhone Developer: shuainan sun (NQ48HZ8RF5)";
				EMBEDDED_CONTENT_CONTAINS_SWIFT = YES;
				ENABLE_BITCODE = NO;
				FRAMEWORK_SEARCH_PATHS = (
					"$(SRCROOT)/Carthage/Build/iOS",
					"$(PROJECT_DIR)/Carthage/Build/iOS",
					/usr/lib/libxml2.dylib,
				);
				HEADER_SEARCH_PATHS = "$(SDKROOT)/usr/include/libxml2";
				INFOPLIST_FILE = WallWomen/Info.plist;
				LD_RUNPATH_SEARCH_PATHS = "$(inherited) @executable_path/Frameworks";
				LIBRARY_SEARCH_PATHS = "";
				OTHER_LDFLAGS = "-lxml2";
				PRODUCT_BUNDLE_IDENTIFIER = com.sseen.WallWomen;
				PRODUCT_NAME = "$(TARGET_NAME)";
				PROVISIONING_PROFILE = "463b2b17-f5f0-449c-86c0-5b48af77ef0e";
			};
			name = Debug;
		};
		920FEA351D509C1800EABDAB /* Release */ = {
			isa = XCBuildConfiguration;
			buildSettings = {
				ASSETCATALOG_COMPILER_APPICON_NAME = AppIcon;
				CODE_SIGN_IDENTITY = "iPhone Developer: shuainan sun (NQ48HZ8RF5)";
				EMBEDDED_CONTENT_CONTAINS_SWIFT = YES;
				ENABLE_BITCODE = NO;
				FRAMEWORK_SEARCH_PATHS = (
					"$(SRCROOT)/Carthage/Build/iOS",
					"$(PROJECT_DIR)/Carthage/Build/iOS",
					/usr/lib/libxml2.dylib,
				);
				HEADER_SEARCH_PATHS = "$(SDKROOT)/usr/include/libxml2";
				INFOPLIST_FILE = WallWomen/Info.plist;
				LD_RUNPATH_SEARCH_PATHS = "$(inherited) @executable_path/Frameworks";
				LIBRARY_SEARCH_PATHS = "";
				OTHER_LDFLAGS = "-lxml2";
				PRODUCT_BUNDLE_IDENTIFIER = com.sseen.WallWomen;
				PRODUCT_NAME = "$(TARGET_NAME)";
				PROVISIONING_PROFILE = "463b2b17-f5f0-449c-86c0-5b48af77ef0e";
			};
			name = Release;
		};
/* End XCBuildConfiguration section */

/* Begin XCConfigurationList section */
		920FEA171D509C1800EABDAB /* Build configuration list for PBXProject "WallWomen" */ = {
			isa = XCConfigurationList;
			buildConfigurations = (
				920FEA311D509C1800EABDAB /* Debug */,
				920FEA321D509C1800EABDAB /* Release */,
			);
			defaultConfigurationIsVisible = 0;
			defaultConfigurationName = Release;
		};
		920FEA331D509C1800EABDAB /* Build configuration list for PBXNativeTarget "WallWomen" */ = {
			isa = XCConfigurationList;
			buildConfigurations = (
				920FEA341D509C1800EABDAB /* Debug */,
				920FEA351D509C1800EABDAB /* Release */,
			);
			defaultConfigurationIsVisible = 0;
			defaultConfigurationName = Release;
		};
/* End XCConfigurationList section */
	};
	rootObject = 920FEA141D509C1800EABDAB /* Project object */;
}
